
Microsoft Visual Studio Solution File, Format Version 12.00
# Visual Studio Version 17
VisualStudioVersion = 17.14.36616.10 d17.14
MinimumVisualStudioVersion = 10.0.40219.1
Project("{FAE04EC0-301F-11D3-BF4B-00C04F79EFBC}") = "CardGame.WPF", "CardGame.WPF\CardGame.WPF.csproj", "{2C86EB52-180E-4929-9311-9A6CAA0EB299}"
EndProject
Project("{FAE04EC0-301F-11D3-BF4B-00C04F79EFBC}") = "CardGame.Engine", "CardGame.Engine\CardGame.Engine.csproj", "{311EB421-033C-4BED-8C85-A363DBF70A93}"
EndProject
Project("{FAE04EC0-301F-11D3-BF4B-00C04F79EFBC}") = "CardGame.Engine.UnitTests", "CardGame.Engine.UnitTests\CardGame.Engine.UnitTests.csproj", "{CC6042B4-E8B4-45A2-99F3-DFC8225B8882}"
EndProject
Global
	GlobalSection(SolutionConfigurationPlatforms) = preSolution
		Debug|Any CPU = Debug|Any CPU
		Release|Any CPU = Release|Any CPU
	EndGlobalSection
	GlobalSection(ProjectConfigurationPlatforms) = postSolution
		{2C86EB52-180E-4929-9311-9A6CAA0EB299}.Debug|Any CPU.ActiveCfg = Debug|Any CPU
		{2C86EB52-180E-4929-9311-9A6CAA0EB299}.Debug|Any CPU.Build.0 = Debug|Any CPU
		{2C86EB52-180E-4929-9311-9A6CAA0EB299}.Release|Any CPU.ActiveCfg = Release|Any CPU
		{2C86EB52-180E-4929-9311-9A6CAA0EB299}.Release|Any CPU.Build.0 = Release|Any CPU
		{311EB421-033C-4BED-8C85-A363DBF70A93}.Debug|Any CPU.ActiveCfg = Debug|Any CPU
		{311EB421-033C-4BED-8C85-A363DBF70A93}.Debug|Any CPU.Build.0 = Debug|Any CPU
		{311EB421-033C-4BED-8C85-A363DBF70A93}.Release|Any CPU.ActiveCfg = Release|Any CPU
		{311EB421-033C-4BED-8C85-A363DBF70A93}.Release|Any CPU.Build.0 = Release|Any CPU
		{CC6042B4-E8B4-45A2-99F3-DFC8225B8882}.Debug|Any CPU.ActiveCfg = Debug|Any CPU
		{CC6042B4-E8B4-45A2-99F3-DFC8225B8882}.Debug|Any CPU.Build.0 = Debug|Any CPU
		{CC6042B4-E8B4-45A2-99F3-DFC8225B8882}.Release|Any CPU.ActiveCfg = Release|Any CPU
		{CC6042B4-E8B4-45A2-99F3-DFC8225B8882}.Release|Any CPU.Build.0 = Release|Any CPU
	EndGlobalSection
	GlobalSection(SolutionProperties) = preSolution
		HideSolutionNode = FALSE
	EndGlobalSection
	GlobalSection(ExtensibilityGlobals) = postSolution
		SolutionGuid = {856DBBAB-C39A-4EA3-9BF2-11B13C46E41B}
	EndGlobalSection
EndGlobal
